
Microsoft Visual Studio Solution File, Format Version 12.00
# Visual Studio Version 17
VisualStudioVersion = 17.4.33213.308
MinimumVisualStudioVersion = 10.0.40219.1
Project("{FAE04EC0-301F-11D3-BF4B-00C04F79EFBC}") = "SofineProject", "SofineProject\SofineProject.csproj", "{59FEBFCF-E559-4C40-9183-274459D3C84A}"
EndProject
Global
	GlobalSection(SolutionConfigurationPlatforms) = preSolution
		Debug|Any CPU = Debug|Any CPU
		Release|Any CPU = Release|Any CPU
	EndGlobalSection
	GlobalSection(ProjectConfigurationPlatforms) = postSolution
		{59FEBFCF-E559-4C40-9183-274459D3C84A}.Debug|Any CPU.ActiveCfg = Debug|Any CPU
		{59FEBFCF-E559-4C40-9183-274459D3C84A}.Debug|Any CPU.Build.0 = Debug|Any CPU
		{59FEBFCF-E559-4C40-9183-274459D3C84A}.Release|Any CPU.ActiveCfg = Release|Any CPU
		{59FEBFCF-E559-4C40-9183-274459D3C84A}.Release|Any CPU.Build.0 = Release|Any CPU
	EndGlobalSection
	GlobalSection(SolutionProperties) = preSolution
		HideSolutionNode = FALSE
	EndGlobalSection
	GlobalSection(ExtensibilityGlobals) = postSolution
		SolutionGuid = {03CBBA05-1358-4A19-B1A1-847F80D7B8DB}
	EndGlobalSection
EndGlobal
